{
  "originHash" : "7695df5f3bc3c485a69f44fca91b2337fba4cbb8b8149a8fafe9e4db6c3f45ad",
  "pins" : [
    {
      "identity" : "snapkit",
      "kind" : "remoteSourceControl",
      "location" : "https://github.com/SnapKit/SnapKit.git",
      "state" : {
        "revision" : "2842e6e84e82eb9a8dac0100ca90d9444b0307f4",
        "version" : "5.7.1"
      }
    },
    {
      "identity" : "swiftymenu",
      "kind" : "remoteSourceControl",
      "location" : "https://github.com/KarimEbrahemAbdelaziz/SwiftyMenu",
      "state" : {
        "revision" : "fe77ef6c6cf93809f5c1bc680c807cb664e571d0",
        "version" : "1.0.1"
      }
    }
  ],
  "version" : 3
}
